
Microsoft Visual Studio Solution File, Format Version 12.00
# Visual Studio 15
VisualStudioVersion = 15.0.27428.2037
MinimumVisualStudioVersion = 10.0.40219.1
Project("{FAE04EC0-301F-11D3-BF4B-00C04F79EFBC}") = "Asopalav", "Asopalav\Asopalav.csproj", "{F8179405-8704-45C0-8300-052995F67352}"
EndProject
Project("{FAE04EC0-301F-11D3-BF4B-00C04F79EFBC}") = "DataAccessLayer", "DataAccessLayer\DataAccessLayer.csproj", "{47CBDE54-6A09-48DA-901C-9DC897C81A8C}"
EndProject
Project("{2150E333-8FDC-42A3-9474-1A3956D46DE8}") = "DBScript", "DBScript", "{F15177D1-69DF-47C8-B9B2-D3598F32E986}"
EndProject
Project("{2150E333-8FDC-42A3-9474-1A3956D46DE8}") = "StoredProcs", "StoredProcs", "{426253EE-9B43-4B8E-BEF9-7CA2B8C5A13C}"
	ProjectSection(SolutionItems) = preProject
		ValidateUserAndMenu.sql = ValidateUserAndMenu.sql
	EndProjectSection
EndProject
Global
	GlobalSection(SolutionConfigurationPlatforms) = preSolution
		Debug|Any CPU = Debug|Any CPU
		Release|Any CPU = Release|Any CPU
	EndGlobalSection
	GlobalSection(ProjectConfigurationPlatforms) = postSolution
		{F8179405-8704-45C0-8300-052995F67352}.Debug|Any CPU.ActiveCfg = Debug|Any CPU
		{F8179405-8704-45C0-8300-052995F67352}.Debug|Any CPU.Build.0 = Debug|Any CPU
		{F8179405-8704-45C0-8300-052995F67352}.Release|Any CPU.ActiveCfg = Release|Any CPU
		{F8179405-8704-45C0-8300-052995F67352}.Release|Any CPU.Build.0 = Release|Any CPU
		{47CBDE54-6A09-48DA-901C-9DC897C81A8C}.Debug|Any CPU.ActiveCfg = Debug|Any CPU
		{47CBDE54-6A09-48DA-901C-9DC897C81A8C}.Debug|Any CPU.Build.0 = Debug|Any CPU
		{47CBDE54-6A09-48DA-901C-9DC897C81A8C}.Release|Any CPU.ActiveCfg = Release|Any CPU
		{47CBDE54-6A09-48DA-901C-9DC897C81A8C}.Release|Any CPU.Build.0 = Release|Any CPU
	EndGlobalSection
	GlobalSection(SolutionProperties) = preSolution
		HideSolutionNode = FALSE
	EndGlobalSection
	GlobalSection(NestedProjects) = preSolution
		{426253EE-9B43-4B8E-BEF9-7CA2B8C5A13C} = {F15177D1-69DF-47C8-B9B2-D3598F32E986}
	EndGlobalSection
	GlobalSection(ExtensibilityGlobals) = postSolution
		SolutionGuid = {CCDFA492-E05C-47A6-91D1-C0CAC0DE2250}
	EndGlobalSection
EndGlobal
